
Microsoft Visual Studio Solution File, Format Version 12.00
# Visual Studio Version 17
VisualStudioVersion = 17.0.31903.59
MinimumVisualStudioVersion = 10.0.40219.1
Project("{FAE04EC0-301F-11D3-BF4B-00C04F79EFBC}") = "CineBucket.Core", "CineBucket.Core\CineBucket.Core.csproj", "{2166124A-9F12-4974-A50B-989297C25874}"
EndProject
Project("{FAE04EC0-301F-11D3-BF4B-00C04F79EFBC}") = "CineBucket", "CineBucket\CineBucket.csproj", "{3F51ACFE-D570-435F-8668-132E46A91782}"
EndProject
Global
	GlobalSection(SolutionConfigurationPlatforms) = preSolution
		Debug|Any CPU = Debug|Any CPU
		Release|Any CPU = Release|Any CPU
	EndGlobalSection
	GlobalSection(SolutionProperties) = preSolution
		HideSolutionNode = FALSE
	EndGlobalSection
	GlobalSection(ProjectConfigurationPlatforms) = postSolution
		{2166124A-9F12-4974-A50B-989297C25874}.Debug|Any CPU.ActiveCfg = Debug|Any CPU
		{2166124A-9F12-4974-A50B-989297C25874}.Debug|Any CPU.Build.0 = Debug|Any CPU
		{2166124A-9F12-4974-A50B-989297C25874}.Release|Any CPU.ActiveCfg = Release|Any CPU
		{2166124A-9F12-4974-A50B-989297C25874}.Release|Any CPU.Build.0 = Release|Any CPU
		{3F51ACFE-D570-435F-8668-132E46A91782}.Debug|Any CPU.ActiveCfg = Debug|Any CPU
		{3F51ACFE-D570-435F-8668-132E46A91782}.Debug|Any CPU.Build.0 = Debug|Any CPU
		{3F51ACFE-D570-435F-8668-132E46A91782}.Release|Any CPU.ActiveCfg = Release|Any CPU
		{3F51ACFE-D570-435F-8668-132E46A91782}.Release|Any CPU.Build.0 = Release|Any CPU
	EndGlobalSection
EndGlobal
